// !$*UTF8*$!
{
	archiveVersion = 1;
	classes = {
	};
	objectVersion = 56;
	objects = {

/* Begin PBXBuildFile section */
		170217BB2C89030500DD020C /* Models.swift in Sources */ = {isa = PBXBuildFile; fileRef = 170217BA2C89030400DD020C /* Models.swift */; };
		1749361A2C3E102B001163B9 /* TekkApp.swift in Sources */ = {isa = PBXBuildFile; fileRef = 174936192C3E102B001163B9 /* TekkApp.swift */; };
		1749361C2C3E102B001163B9 /* ContentView.swift in Sources */ = {isa = PBXBuildFile; fileRef = 1749361B2C3E102B001163B9 /* ContentView.swift */; };
		1749361E2C3E1031001163B9 /* Assets.xcassets in Resources */ = {isa = PBXBuildFile; fileRef = 1749361D2C3E1031001163B9 /* Assets.xcassets */; };
		174936222C3E1031001163B9 /* Preview Assets.xcassets in Resources */ = {isa = PBXBuildFile; fileRef = 174936212C3E1031001163B9 /* Preview Assets.xcassets */; };
		1749362C2C3E1032001163B9 /* TekkTests.swift in Sources */ = {isa = PBXBuildFile; fileRef = 1749362B2C3E1032001163B9 /* TekkTests.swift */; };
		174936362C3E1032001163B9 /* TekkUITests.swift in Sources */ = {isa = PBXBuildFile; fileRef = 174936352C3E1032001163B9 /* TekkUITests.swift */; };
		174936382C3E1032001163B9 /* TekkUITestsLaunchTests.swift in Sources */ = {isa = PBXBuildFile; fileRef = 174936372C3E1032001163B9 /* TekkUITestsLaunchTests.swift */; };
		174936462C3E10D0001163B9 /* ChatbotView.swift in Sources */ = {isa = PBXBuildFile; fileRef = 174936452C3E10D0001163B9 /* ChatbotView.swift */; };
		174936482C3E1123001163B9 /* SettingsView.swift in Sources */ = {isa = PBXBuildFile; fileRef = 174936472C3E1123001163B9 /* SettingsView.swift */; };
		1749364A2C3E1139001163B9 /* CameraView.swift in Sources */ = {isa = PBXBuildFile; fileRef = 174936492C3E1139001163B9 /* CameraView.swift */; };
		17E6931A2C743662006B58A3 /* CameraManager.swift in Sources */ = {isa = PBXBuildFile; fileRef = 17E693192C743662006B58A3 /* CameraManager.swift */; };
		17E6931E2C743ADC006B58A3 /* CMSampleBuffer+Extension.swift in Sources */ = {isa = PBXBuildFile; fileRef = 17E6931D2C743ADC006B58A3 /* CMSampleBuffer+Extension.swift */; };
		17E693202C74560E006B58A3 /* CIImage+Extension.swift in Sources */ = {isa = PBXBuildFile; fileRef = 17E6931F2C74560E006B58A3 /* CIImage+Extension.swift */; };
		17E693222C745811006B58A3 /* ViewModel.swift in Sources */ = {isa = PBXBuildFile; fileRef = 17E693212C745811006B58A3 /* ViewModel.swift */; };
		17E693242C7C6F51006B58A3 /* PlayerDetailsFormView.swift in Sources */ = {isa = PBXBuildFile; fileRef = 17E693232C7C6F51006B58A3 /* PlayerDetailsFormView.swift */; };
		17E693272C7D3504006B58A3 /* LoginView.swift in Sources */ = {isa = PBXBuildFile; fileRef = 17E693262C7D3504006B58A3 /* LoginView.swift */; };
		435A70152CA7AB2600BFCC40 /* RiveRuntime in Frameworks */ = {isa = PBXBuildFile; productRef = 435A70142CA7AB2600BFCC40 /* RiveRuntime */; };
		435A70172CA7BCDA00BFCC40 /* AnimationView.swift in Sources */ = {isa = PBXBuildFile; fileRef = 435A70162CA7BCDA00BFCC40 /* AnimationView.swift */; };
		435A701B2CA7CBE500BFCC40 /* test_panting.riv in Resources */ = {isa = PBXBuildFile; fileRef = 435A701A2CA7CBE500BFCC40 /* test_panting.riv */; };
/* End PBXBuildFile section */

/* Begin PBXContainerItemProxy section */
		174936282C3E1032001163B9 /* PBXContainerItemProxy */ = {
			isa = PBXContainerItemProxy;
			containerPortal = 1749360E2C3E102B001163B9 /* Project object */;
			proxyType = 1;
			remoteGlobalIDString = 174936152C3E102B001163B9;
			remoteInfo = Tekk;
		};
		174936322C3E1032001163B9 /* PBXContainerItemProxy */ = {
			isa = PBXContainerItemProxy;
			containerPortal = 1749360E2C3E102B001163B9 /* Project object */;
			proxyType = 1;
			remoteGlobalIDString = 174936152C3E102B001163B9;
			remoteInfo = Tekk;
		};
/* End PBXContainerItemProxy section */

/* Begin PBXFileReference section */
		170217BA2C89030400DD020C /* Models.swift */ = {isa = PBXFileReference; lastKnownFileType = sourcecode.swift; path = Models.swift; sourceTree = "<group>"; };
		174936162C3E102B001163B9 /* Tekk.app */ = {isa = PBXFileReference; explicitFileType = wrapper.application; includeInIndex = 0; path = Tekk.app; sourceTree = BUILT_PRODUCTS_DIR; };
		174936192C3E102B001163B9 /* TekkApp.swift */ = {isa = PBXFileReference; lastKnownFileType = sourcecode.swift; path = TekkApp.swift; sourceTree = "<group>"; };
		1749361B2C3E102B001163B9 /* ContentView.swift */ = {isa = PBXFileReference; lastKnownFileType = sourcecode.swift; path = ContentView.swift; sourceTree = "<group>"; };
		1749361D2C3E1031001163B9 /* Assets.xcassets */ = {isa = PBXFileReference; lastKnownFileType = folder.assetcatalog; path = Assets.xcassets; sourceTree = "<group>"; };
		1749361F2C3E1031001163B9 /* Tekk.entitlements */ = {isa = PBXFileReference; lastKnownFileType = text.plist.entitlements; path = Tekk.entitlements; sourceTree = "<group>"; };
		174936212C3E1031001163B9 /* Preview Assets.xcassets */ = {isa = PBXFileReference; lastKnownFileType = folder.assetcatalog; path = "Preview Assets.xcassets"; sourceTree = "<group>"; };
		174936272C3E1032001163B9 /* TekkTests.xctest */ = {isa = PBXFileReference; explicitFileType = wrapper.cfbundle; includeInIndex = 0; path = TekkTests.xctest; sourceTree = BUILT_PRODUCTS_DIR; };
		1749362B2C3E1032001163B9 /* TekkTests.swift */ = {isa = PBXFileReference; lastKnownFileType = sourcecode.swift; path = TekkTests.swift; sourceTree = "<group>"; };
		174936312C3E1032001163B9 /* TekkUITests.xctest */ = {isa = PBXFileReference; explicitFileType = wrapper.cfbundle; includeInIndex = 0; path = TekkUITests.xctest; sourceTree = BUILT_PRODUCTS_DIR; };
		174936352C3E1032001163B9 /* TekkUITests.swift */ = {isa = PBXFileReference; lastKnownFileType = sourcecode.swift; path = TekkUITests.swift; sourceTree = "<group>"; };
		174936372C3E1032001163B9 /* TekkUITestsLaunchTests.swift */ = {isa = PBXFileReference; lastKnownFileType = sourcecode.swift; path = TekkUITestsLaunchTests.swift; sourceTree = "<group>"; };
		174936452C3E10D0001163B9 /* ChatbotView.swift */ = {isa = PBXFileReference; lastKnownFileType = sourcecode.swift; path = ChatbotView.swift; sourceTree = "<group>"; };
		174936472C3E1123001163B9 /* SettingsView.swift */ = {isa = PBXFileReference; lastKnownFileType = sourcecode.swift; path = SettingsView.swift; sourceTree = "<group>"; };
		174936492C3E1139001163B9 /* CameraView.swift */ = {isa = PBXFileReference; lastKnownFileType = sourcecode.swift; path = CameraView.swift; sourceTree = "<group>"; };
		17E693182C7435B3006B58A3 /* Info.plist */ = {isa = PBXFileReference; lastKnownFileType = text.plist.xml; path = Info.plist; sourceTree = "<group>"; };
		17E693192C743662006B58A3 /* CameraManager.swift */ = {isa = PBXFileReference; lastKnownFileType = sourcecode.swift; path = CameraManager.swift; sourceTree = "<group>"; };
		17E6931D2C743ADC006B58A3 /* CMSampleBuffer+Extension.swift */ = {isa = PBXFileReference; lastKnownFileType = sourcecode.swift; path = "CMSampleBuffer+Extension.swift"; sourceTree = "<group>"; };
		17E6931F2C74560E006B58A3 /* CIImage+Extension.swift */ = {isa = PBXFileReference; lastKnownFileType = sourcecode.swift; path = "CIImage+Extension.swift"; sourceTree = "<group>"; };
		17E693212C745811006B58A3 /* ViewModel.swift */ = {isa = PBXFileReference; lastKnownFileType = sourcecode.swift; path = ViewModel.swift; sourceTree = "<group>"; };
		17E693232C7C6F51006B58A3 /* PlayerDetailsFormView.swift */ = {isa = PBXFileReference; lastKnownFileType = sourcecode.swift; path = PlayerDetailsFormView.swift; sourceTree = "<group>"; };
		17E693262C7D3504006B58A3 /* LoginView.swift */ = {isa = PBXFileReference; lastKnownFileType = sourcecode.swift; path = LoginView.swift; sourceTree = "<group>"; };
		435A70162CA7BCDA00BFCC40 /* AnimationView.swift */ = {isa = PBXFileReference; lastKnownFileType = sourcecode.swift; path = AnimationView.swift; sourceTree = "<group>"; };
		435A701A2CA7CBE500BFCC40 /* test_panting.riv */ = {isa = PBXFileReference; lastKnownFileType = file; path = test_panting.riv; sourceTree = "<group>"; };
/* End PBXFileReference section */

/* Begin PBXFrameworksBuildPhase section */
		174936132C3E102B001163B9 /* Frameworks */ = {
			isa = PBXFrameworksBuildPhase;
			buildActionMask = 2147483647;
			files = (
				435A70152CA7AB2600BFCC40 /* RiveRuntime in Frameworks */,
			);
			runOnlyForDeploymentPostprocessing = 0;
		};
		174936242C3E1032001163B9 /* Frameworks */ = {
			isa = PBXFrameworksBuildPhase;
			buildActionMask = 2147483647;
			files = (
			);
			runOnlyForDeploymentPostprocessing = 0;
		};
		1749362E2C3E1032001163B9 /* Frameworks */ = {
			isa = PBXFrameworksBuildPhase;
			buildActionMask = 2147483647;
			files = (
			);
			runOnlyForDeploymentPostprocessing = 0;
		};
/* End PBXFrameworksBuildPhase section */

/* Begin PBXGroup section */
		1749360D2C3E102B001163B9 = {
			isa = PBXGroup;
			children = (
				174936182C3E102B001163B9 /* Tekk */,
				1749362A2C3E1032001163B9 /* TekkTests */,
				174936342C3E1032001163B9 /* TekkUITests */,
				174936172C3E102B001163B9 /* Products */,
			);
			sourceTree = "<group>";
		};
		174936172C3E102B001163B9 /* Products */ = {
			isa = PBXGroup;
			children = (
				174936162C3E102B001163B9 /* Tekk.app */,
				174936272C3E1032001163B9 /* TekkTests.xctest */,
				174936312C3E1032001163B9 /* TekkUITests.xctest */,
			);
			name = Products;
			sourceTree = "<group>";
		};
		174936182C3E102B001163B9 /* Tekk */ = {
			isa = PBXGroup;
			children = (
				17E693182C7435B3006B58A3 /* Info.plist */,
				174936442C3E10C4001163B9 /* Views */,
				17E6931C2C743AC4006B58A3 /* Camera */,
				174936192C3E102B001163B9 /* TekkApp.swift */,
				170217BA2C89030400DD020C /* Models.swift */,
				1749361B2C3E102B001163B9 /* ContentView.swift */,
				1749361D2C3E1031001163B9 /* Assets.xcassets */,
				439A72632C9FA55700B4C5AD /* RiveAssets */,
				1749361F2C3E1031001163B9 /* Tekk.entitlements */,
				174936202C3E1031001163B9 /* Preview Content */,
			);
			path = Tekk;
			sourceTree = "<group>";
		};
		174936202C3E1031001163B9 /* Preview Content */ = {
			isa = PBXGroup;
			children = (
				174936212C3E1031001163B9 /* Preview Assets.xcassets */,
			);
			path = "Preview Content";
			sourceTree = "<group>";
		};
		1749362A2C3E1032001163B9 /* TekkTests */ = {
			isa = PBXGroup;
			children = (
				1749362B2C3E1032001163B9 /* TekkTests.swift */,
			);
			path = TekkTests;
			sourceTree = "<group>";
		};
		174936342C3E1032001163B9 /* TekkUITests */ = {
			isa = PBXGroup;
			children = (
				174936352C3E1032001163B9 /* TekkUITests.swift */,
				174936372C3E1032001163B9 /* TekkUITestsLaunchTests.swift */,
			);
			path = TekkUITests;
			sourceTree = "<group>";
		};
		174936442C3E10C4001163B9 /* Views */ = {
			isa = PBXGroup;
			children = (
				435A70162CA7BCDA00BFCC40 /* AnimationView.swift */,
				174936452C3E10D0001163B9 /* ChatbotView.swift */,
				174936472C3E1123001163B9 /* SettingsView.swift */,
				174936492C3E1139001163B9 /* CameraView.swift */,
				17E693232C7C6F51006B58A3 /* PlayerDetailsFormView.swift */,
				17E693262C7D3504006B58A3 /* LoginView.swift */,
			);
			path = Views;
			sourceTree = "<group>";
		};
		17E6931C2C743AC4006B58A3 /* Camera */ = {
			isa = PBXGroup;
			children = (
				17E693192C743662006B58A3 /* CameraManager.swift */,
				17E6931F2C74560E006B58A3 /* CIImage+Extension.swift */,
				17E6931D2C743ADC006B58A3 /* CMSampleBuffer+Extension.swift */,
				17E693212C745811006B58A3 /* ViewModel.swift */,
			);
			path = Camera;
			sourceTree = "<group>";
		};
		439A72632C9FA55700B4C5AD /* RiveAssets */ = {
			isa = PBXGroup;
			children = (
				435A701A2CA7CBE500BFCC40 /* test_panting.riv */,
			);
			path = RiveAssets;
			sourceTree = "<group>";
		};
/* End PBXGroup section */

/* Begin PBXNativeTarget section */
		174936152C3E102B001163B9 /* Tekk */ = {
			isa = PBXNativeTarget;
			buildConfigurationList = 1749363B2C3E1032001163B9 /* Build configuration list for PBXNativeTarget "Tekk" */;
			buildPhases = (
				174936122C3E102B001163B9 /* Sources */,
				174936132C3E102B001163B9 /* Frameworks */,
				174936142C3E102B001163B9 /* Resources */,
			);
			buildRules = (
			);
			dependencies = (
			);
			name = Tekk;
			productName = Tekk;
			productReference = 174936162C3E102B001163B9 /* Tekk.app */;
			productType = "com.apple.product-type.application";
		};
		174936262C3E1032001163B9 /* TekkTests */ = {
			isa = PBXNativeTarget;
			buildConfigurationList = 1749363E2C3E1032001163B9 /* Build configuration list for PBXNativeTarget "TekkTests" */;
			buildPhases = (
				174936232C3E1032001163B9 /* Sources */,
				174936242C3E1032001163B9 /* Frameworks */,
				174936252C3E1032001163B9 /* Resources */,
			);
			buildRules = (
			);
			dependencies = (
				174936292C3E1032001163B9 /* PBXTargetDependency */,
			);
			name = TekkTests;
			productName = TekkTests;
			productReference = 174936272C3E1032001163B9 /* TekkTests.xctest */;
			productType = "com.apple.product-type.bundle.unit-test";
		};
		174936302C3E1032001163B9 /* TekkUITests */ = {
			isa = PBXNativeTarget;
			buildConfigurationList = 174936412C3E1032001163B9 /* Build configuration list for PBXNativeTarget "TekkUITests" */;
			buildPhases = (
				1749362D2C3E1032001163B9 /* Sources */,
				1749362E2C3E1032001163B9 /* Frameworks */,
				1749362F2C3E1032001163B9 /* Resources */,
			);
			buildRules = (
			);
			dependencies = (
				174936332C3E1032001163B9 /* PBXTargetDependency */,
			);
			name = TekkUITests;
			productName = TekkUITests;
			productReference = 174936312C3E1032001163B9 /* TekkUITests.xctest */;
			productType = "com.apple.product-type.bundle.ui-testing";
		};
/* End PBXNativeTarget section */

/* Begin PBXProject section */
		1749360E2C3E102B001163B9 /* Project object */ = {
			isa = PBXProject;
			attributes = {
				BuildIndependentTargetsInParallel = 1;
				LastSwiftUpdateCheck = 1540;
				LastUpgradeCheck = 1600;
				TargetAttributes = {
					174936152C3E102B001163B9 = {
						CreatedOnToolsVersion = 15.4;
					};
					174936262C3E1032001163B9 = {
						CreatedOnToolsVersion = 15.4;
						TestTargetID = 174936152C3E102B001163B9;
					};
					174936302C3E1032001163B9 = {
						CreatedOnToolsVersion = 15.4;
						TestTargetID = 174936152C3E102B001163B9;
					};
				};
			};
			buildConfigurationList = 174936112C3E102B001163B9 /* Build configuration list for PBXProject "Tekk" */;
			compatibilityVersion = "Xcode 14.0";
			developmentRegion = en;
			hasScannedForEncodings = 0;
			knownRegions = (
				en,
				Base,
			);
			mainGroup = 1749360D2C3E102B001163B9;
			packageReferences = (
				435A70132CA7A33B00BFCC40 /* XCRemoteSwiftPackageReference "rive-ios" */,
			);
			productRefGroup = 174936172C3E102B001163B9 /* Products */;
			projectDirPath = "";
			projectRoot = "";
			targets = (
				174936152C3E102B001163B9 /* Tekk */,
				174936262C3E1032001163B9 /* TekkTests */,
				174936302C3E1032001163B9 /* TekkUITests */,
			);
		};
/* End PBXProject section */

/* Begin PBXResourcesBuildPhase section */
		174936142C3E102B001163B9 /* Resources */ = {
			isa = PBXResourcesBuildPhase;
			buildActionMask = 2147483647;
			files = (
				435A701B2CA7CBE500BFCC40 /* test_panting.riv in Resources */,
				174936222C3E1031001163B9 /* Preview Assets.xcassets in Resources */,
				1749361E2C3E1031001163B9 /* Assets.xcassets in Resources */,
			);
			runOnlyForDeploymentPostprocessing = 0;
		};
		174936252C3E1032001163B9 /* Resources */ = {
			isa = PBXResourcesBuildPhase;
			buildActionMask = 2147483647;
			files = (
			);
			runOnlyForDeploymentPostprocessing = 0;
		};
		1749362F2C3E1032001163B9 /* Resources */ = {
			isa = PBXResourcesBuildPhase;
			buildActionMask = 2147483647;
			files = (
			);
			runOnlyForDeploymentPostprocessing = 0;
		};
/* End PBXResourcesBuildPhase section */

/* Begin PBXSourcesBuildPhase section */
		174936122C3E102B001163B9 /* Sources */ = {
			isa = PBXSourcesBuildPhase;
			buildActionMask = 2147483647;
			files = (
				174936462C3E10D0001163B9 /* ChatbotView.swift in Sources */,
				17E693222C745811006B58A3 /* ViewModel.swift in Sources */,
				17E693202C74560E006B58A3 /* CIImage+Extension.swift in Sources */,
				170217BB2C89030500DD020C /* Models.swift in Sources */,
				435A70172CA7BCDA00BFCC40 /* AnimationView.swift in Sources */,
				1749361C2C3E102B001163B9 /* ContentView.swift in Sources */,
				1749364A2C3E1139001163B9 /* CameraView.swift in Sources */,
				17E693242C7C6F51006B58A3 /* PlayerDetailsFormView.swift in Sources */,
				1749361A2C3E102B001163B9 /* TekkApp.swift in Sources */,
				17E6931E2C743ADC006B58A3 /* CMSampleBuffer+Extension.swift in Sources */,
				17E693272C7D3504006B58A3 /* LoginView.swift in Sources */,
				17E6931A2C743662006B58A3 /* CameraManager.swift in Sources */,
				174936482C3E1123001163B9 /* SettingsView.swift in Sources */,
			);
			runOnlyForDeploymentPostprocessing = 0;
		};
		174936232C3E1032001163B9 /* Sources */ = {
			isa = PBXSourcesBuildPhase;
			buildActionMask = 2147483647;
			files = (
				1749362C2C3E1032001163B9 /* TekkTests.swift in Sources */,
			);
			runOnlyForDeploymentPostprocessing = 0;
		};
		1749362D2C3E1032001163B9 /* Sources */ = {
			isa = PBXSourcesBuildPhase;
			buildActionMask = 2147483647;
			files = (
				174936362C3E1032001163B9 /* TekkUITests.swift in Sources */,
				174936382C3E1032001163B9 /* TekkUITestsLaunchTests.swift in Sources */,
			);
			runOnlyForDeploymentPostprocessing = 0;
		};
/* End PBXSourcesBuildPhase section */

/* Begin PBXTargetDependency section */
		174936292C3E1032001163B9 /* PBXTargetDependency */ = {
			isa = PBXTargetDependency;
			target = 174936152C3E102B001163B9 /* Tekk */;
			targetProxy = 174936282C3E1032001163B9 /* PBXContainerItemProxy */;
		};
		174936332C3E1032001163B9 /* PBXTargetDependency */ = {
			isa = PBXTargetDependency;
			target = 174936152C3E102B001163B9 /* Tekk */;
			targetProxy = 174936322C3E1032001163B9 /* PBXContainerItemProxy */;
		};
/* End PBXTargetDependency section */

/* Begin XCBuildConfiguration section */
		174936392C3E1032001163B9 /* Debug */ = {
			isa = XCBuildConfiguration;
			buildSettings = {
				ALWAYS_SEARCH_USER_PATHS = NO;
				ASSETCATALOG_COMPILER_GENERATE_SWIFT_ASSET_SYMBOL_EXTENSIONS = YES;
				CLANG_ANALYZER_NONNULL = YES;
				CLANG_ANALYZER_NUMBER_OBJECT_CONVERSION = YES_AGGRESSIVE;
				CLANG_CXX_LANGUAGE_STANDARD = "gnu++20";
				CLANG_ENABLE_MODULES = YES;
				CLANG_ENABLE_OBJC_ARC = YES;
				CLANG_ENABLE_OBJC_WEAK = YES;
				CLANG_WARN_BLOCK_CAPTURE_AUTORELEASING = YES;
				CLANG_WARN_BOOL_CONVERSION = YES;
				CLANG_WARN_COMMA = YES;
				CLANG_WARN_CONSTANT_CONVERSION = YES;
				CLANG_WARN_DEPRECATED_OBJC_IMPLEMENTATIONS = YES;
				CLANG_WARN_DIRECT_OBJC_ISA_USAGE = YES_ERROR;
				CLANG_WARN_DOCUMENTATION_COMMENTS = YES;
				CLANG_WARN_EMPTY_BODY = YES;
				CLANG_WARN_ENUM_CONVERSION = YES;
				CLANG_WARN_INFINITE_RECURSION = YES;
				CLANG_WARN_INT_CONVERSION = YES;
				CLANG_WARN_NON_LITERAL_NULL_CONVERSION = YES;
				CLANG_WARN_OBJC_IMPLICIT_RETAIN_SELF = YES;
				CLANG_WARN_OBJC_LITERAL_CONVERSION = YES;
				CLANG_WARN_OBJC_ROOT_CLASS = YES_ERROR;
				CLANG_WARN_QUOTED_INCLUDE_IN_FRAMEWORK_HEADER = YES;
				CLANG_WARN_RANGE_LOOP_ANALYSIS = YES;
				CLANG_WARN_STRICT_PROTOTYPES = YES;
				CLANG_WARN_SUSPICIOUS_MOVE = YES;
				CLANG_WARN_UNGUARDED_AVAILABILITY = YES_AGGRESSIVE;
				CLANG_WARN_UNREACHABLE_CODE = YES;
				CLANG_WARN__DUPLICATE_METHOD_MATCH = YES;
				COPY_PHASE_STRIP = NO;
				DEAD_CODE_STRIPPING = YES;
				DEBUG_INFORMATION_FORMAT = dwarf;
				ENABLE_STRICT_OBJC_MSGSEND = YES;
				ENABLE_TESTABILITY = YES;
				ENABLE_USER_SCRIPT_SANDBOXING = YES;
				GCC_C_LANGUAGE_STANDARD = gnu17;
				GCC_DYNAMIC_NO_PIC = NO;
				GCC_NO_COMMON_BLOCKS = YES;
				GCC_OPTIMIZATION_LEVEL = 0;
				GCC_PREPROCESSOR_DEFINITIONS = (
					"DEBUG=1",
					"$(inherited)",
				);
				GCC_WARN_64_TO_32_BIT_CONVERSION = YES;
				GCC_WARN_ABOUT_RETURN_TYPE = YES_ERROR;
				GCC_WARN_UNDECLARED_SELECTOR = YES;
				GCC_WARN_UNINITIALIZED_AUTOS = YES_AGGRESSIVE;
				GCC_WARN_UNUSED_FUNCTION = YES;
				GCC_WARN_UNUSED_VARIABLE = YES;
				LOCALIZATION_PREFERS_STRING_CATALOGS = YES;
				MTL_ENABLE_DEBUG_INFO = INCLUDE_SOURCE;
				MTL_FAST_MATH = YES;
				ONLY_ACTIVE_ARCH = YES;
				SWIFT_ACTIVE_COMPILATION_CONDITIONS = "DEBUG $(inherited)";
				SWIFT_OPTIMIZATION_LEVEL = "-Onone";
			};
			name = Debug;
		};
		1749363A2C3E1032001163B9 /* Release */ = {
			isa = XCBuildConfiguration;
			buildSettings = {
				ALWAYS_SEARCH_USER_PATHS = NO;
				ASSETCATALOG_COMPILER_GENERATE_SWIFT_ASSET_SYMBOL_EXTENSIONS = YES;
				CLANG_ANALYZER_NONNULL = YES;
				CLANG_ANALYZER_NUMBER_OBJECT_CONVERSION = YES_AGGRESSIVE;
				CLANG_CXX_LANGUAGE_STANDARD = "gnu++20";
				CLANG_ENABLE_MODULES = YES;
				CLANG_ENABLE_OBJC_ARC = YES;
				CLANG_ENABLE_OBJC_WEAK = YES;
				CLANG_WARN_BLOCK_CAPTURE_AUTORELEASING = YES;
				CLANG_WARN_BOOL_CONVERSION = YES;
				CLANG_WARN_COMMA = YES;
				CLANG_WARN_CONSTANT_CONVERSION = YES;
				CLANG_WARN_DEPRECATED_OBJC_IMPLEMENTATIONS = YES;
				CLANG_WARN_DIRECT_OBJC_ISA_USAGE = YES_ERROR;
				CLANG_WARN_DOCUMENTATION_COMMENTS = YES;
				CLANG_WARN_EMPTY_BODY = YES;
				CLANG_WARN_ENUM_CONVERSION = YES;
				CLANG_WARN_INFINITE_RECURSION = YES;
				CLANG_WARN_INT_CONVERSION = YES;
				CLANG_WARN_NON_LITERAL_NULL_CONVERSION = YES;
				CLANG_WARN_OBJC_IMPLICIT_RETAIN_SELF = YES;
				CLANG_WARN_OBJC_LITERAL_CONVERSION = YES;
				CLANG_WARN_OBJC_ROOT_CLASS = YES_ERROR;
				CLANG_WARN_QUOTED_INCLUDE_IN_FRAMEWORK_HEADER = YES;
				CLANG_WARN_RANGE_LOOP_ANALYSIS = YES;
				CLANG_WARN_STRICT_PROTOTYPES = YES;
				CLANG_WARN_SUSPICIOUS_MOVE = YES;
				CLANG_WARN_UNGUARDED_AVAILABILITY = YES_AGGRESSIVE;
				CLANG_WARN_UNREACHABLE_CODE = YES;
				CLANG_WARN__DUPLICATE_METHOD_MATCH = YES;
				COPY_PHASE_STRIP = NO;
				DEAD_CODE_STRIPPING = YES;
				DEBUG_INFORMATION_FORMAT = "dwarf-with-dsym";
				ENABLE_NS_ASSERTIONS = NO;
				ENABLE_STRICT_OBJC_MSGSEND = YES;
				ENABLE_USER_SCRIPT_SANDBOXING = YES;
				GCC_C_LANGUAGE_STANDARD = gnu17;
				GCC_NO_COMMON_BLOCKS = YES;
				GCC_WARN_64_TO_32_BIT_CONVERSION = YES;
				GCC_WARN_ABOUT_RETURN_TYPE = YES_ERROR;
				GCC_WARN_UNDECLARED_SELECTOR = YES;
				GCC_WARN_UNINITIALIZED_AUTOS = YES_AGGRESSIVE;
				GCC_WARN_UNUSED_FUNCTION = YES;
				GCC_WARN_UNUSED_VARIABLE = YES;
				LOCALIZATION_PREFERS_STRING_CATALOGS = YES;
				MTL_ENABLE_DEBUG_INFO = NO;
				MTL_FAST_MATH = YES;
				SWIFT_COMPILATION_MODE = wholemodule;
			};
			name = Release;
		};
		1749363C2C3E1032001163B9 /* Debug */ = {
			isa = XCBuildConfiguration;
			buildSettings = {
				ASSETCATALOG_COMPILER_APPICON_NAME = AppIcon;
				ASSETCATALOG_COMPILER_GLOBAL_ACCENT_COLOR_NAME = AccentColor;
				CODE_SIGN_ENTITLEMENTS = Tekk/Tekk.entitlements;
				CODE_SIGN_STYLE = Automatic;
				CURRENT_PROJECT_VERSION = 1;
				DEAD_CODE_STRIPPING = YES;
				DEVELOPMENT_ASSET_PATHS = "\"Tekk/Preview Content\"";
				DEVELOPMENT_TEAM = 9NT64FVZCY;
				ENABLE_PREVIEWS = YES;
				GENERATE_INFOPLIST_FILE = YES;
				INFOPLIST_FILE = Tekk/Info.plist;
				INFOPLIST_KEY_NSCameraUsageDescription = "Record soccer player and give feedback";
				"INFOPLIST_KEY_UIApplicationSceneManifest_Generation[sdk=iphoneos*]" = YES;
				"INFOPLIST_KEY_UIApplicationSceneManifest_Generation[sdk=iphonesimulator*]" = YES;
				"INFOPLIST_KEY_UIApplicationSupportsIndirectInputEvents[sdk=iphoneos*]" = YES;
				"INFOPLIST_KEY_UIApplicationSupportsIndirectInputEvents[sdk=iphonesimulator*]" = YES;
				"INFOPLIST_KEY_UILaunchScreen_Generation[sdk=iphoneos*]" = YES;
				"INFOPLIST_KEY_UILaunchScreen_Generation[sdk=iphonesimulator*]" = YES;
				"INFOPLIST_KEY_UIStatusBarStyle[sdk=iphoneos*]" = UIStatusBarStyleDefault;
				"INFOPLIST_KEY_UIStatusBarStyle[sdk=iphonesimulator*]" = UIStatusBarStyleDefault;
				INFOPLIST_KEY_UISupportedInterfaceOrientations_iPad = "UIInterfaceOrientationPortrait UIInterfaceOrientationPortraitUpsideDown UIInterfaceOrientationLandscapeLeft UIInterfaceOrientationLandscapeRight";
				INFOPLIST_KEY_UISupportedInterfaceOrientations_iPhone = "UIInterfaceOrientationPortrait UIInterfaceOrientationLandscapeLeft UIInterfaceOrientationLandscapeRight";
				IPHONEOS_DEPLOYMENT_TARGET = 17.5;
				LD_RUNPATH_SEARCH_PATHS = "@executable_path/Frameworks";
				"LD_RUNPATH_SEARCH_PATHS[sdk=macosx*]" = "@executable_path/../Frameworks";
				MACOSX_DEPLOYMENT_TARGET = 14.5;
				MARKETING_VERSION = 1.0;
				PRODUCT_BUNDLE_IDENTIFIER = ConklinOfficial.Tekk;
				PRODUCT_NAME = "$(TARGET_NAME)";
				SDKROOT = auto;
				SUPPORTED_PLATFORMS = "iphoneos iphonesimulator macosx";
				SWIFT_EMIT_LOC_STRINGS = YES;
				SWIFT_VERSION = 5.0;
				TARGETED_DEVICE_FAMILY = "1,2";
			};
			name = Debug;
		};
		1749363D2C3E1032001163B9 /* Release */ = {
			isa = XCBuildConfiguration;
			buildSettings = {
				ASSETCATALOG_COMPILER_APPICON_NAME = AppIcon;
				ASSETCATALOG_COMPILER_GLOBAL_ACCENT_COLOR_NAME = AccentColor;
				CODE_SIGN_ENTITLEMENTS = Tekk/Tekk.entitlements;
				CODE_SIGN_STYLE = Automatic;
				CURRENT_PROJECT_VERSION = 1;
				DEAD_CODE_STRIPPING = YES;
				DEVELOPMENT_ASSET_PATHS = "\"Tekk/Preview Content\"";
				DEVELOPMENT_TEAM = 9NT64FVZCY;
				ENABLE_PREVIEWS = YES;
				GENERATE_INFOPLIST_FILE = YES;
				INFOPLIST_FILE = Tekk/Info.plist;
				INFOPLIST_KEY_NSCameraUsageDescription = "Record soccer player and give feedback";
				"INFOPLIST_KEY_UIApplicationSceneManifest_Generation[sdk=iphoneos*]" = YES;
				"INFOPLIST_KEY_UIApplicationSceneManifest_Generation[sdk=iphonesimulator*]" = YES;
				"INFOPLIST_KEY_UIApplicationSupportsIndirectInputEvents[sdk=iphoneos*]" = YES;
				"INFOPLIST_KEY_UIApplicationSupportsIndirectInputEvents[sdk=iphonesimulator*]" = YES;
				"INFOPLIST_KEY_UILaunchScreen_Generation[sdk=iphoneos*]" = YES;
				"INFOPLIST_KEY_UILaunchScreen_Generation[sdk=iphonesimulator*]" = YES;
				"INFOPLIST_KEY_UIStatusBarStyle[sdk=iphoneos*]" = UIStatusBarStyleDefault;
				"INFOPLIST_KEY_UIStatusBarStyle[sdk=iphonesimulator*]" = UIStatusBarStyleDefault;
				INFOPLIST_KEY_UISupportedInterfaceOrientations_iPad = "UIInterfaceOrientationPortrait UIInterfaceOrientationPortraitUpsideDown UIInterfaceOrientationLandscapeLeft UIInterfaceOrientationLandscapeRight";
				INFOPLIST_KEY_UISupportedInterfaceOrientations_iPhone = "UIInterfaceOrientationPortrait UIInterfaceOrientationLandscapeLeft UIInterfaceOrientationLandscapeRight";
				IPHONEOS_DEPLOYMENT_TARGET = 17.5;
				LD_RUNPATH_SEARCH_PATHS = "@executable_path/Frameworks";
				"LD_RUNPATH_SEARCH_PATHS[sdk=macosx*]" = "@executable_path/../Frameworks";
				MACOSX_DEPLOYMENT_TARGET = 14.5;
				MARKETING_VERSION = 1.0;
				PRODUCT_BUNDLE_IDENTIFIER = ConklinOfficial.Tekk;
				PRODUCT_NAME = "$(TARGET_NAME)";
				SDKROOT = auto;
				SUPPORTED_PLATFORMS = "iphoneos iphonesimulator macosx";
				SWIFT_EMIT_LOC_STRINGS = YES;
				SWIFT_VERSION = 5.0;
				TARGETED_DEVICE_FAMILY = "1,2";
			};
			name = Release;
		};
		1749363F2C3E1032001163B9 /* Debug */ = {
			isa = XCBuildConfiguration;
			buildSettings = {
				BUNDLE_LOADER = "$(TEST_HOST)";
				CODE_SIGN_STYLE = Automatic;
				CURRENT_PROJECT_VERSION = 1;
				DEAD_CODE_STRIPPING = YES;
				GENERATE_INFOPLIST_FILE = YES;
				IPHONEOS_DEPLOYMENT_TARGET = 17.5;
				MACOSX_DEPLOYMENT_TARGET = 14.5;
				MARKETING_VERSION = 1.0;
				PRODUCT_BUNDLE_IDENTIFIER = ConklinOfficial.TekkTests;
				PRODUCT_NAME = "$(TARGET_NAME)";
				SDKROOT = auto;
				SUPPORTED_PLATFORMS = "iphoneos iphonesimulator macosx";
				SWIFT_EMIT_LOC_STRINGS = NO;
				SWIFT_VERSION = 5.0;
				TARGETED_DEVICE_FAMILY = "1,2";
				TEST_HOST = "$(BUILT_PRODUCTS_DIR)/Tekk.app/$(BUNDLE_EXECUTABLE_FOLDER_PATH)/Tekk";
			};
			name = Debug;
		};
		174936402C3E1032001163B9 /* Release */ = {
			isa = XCBuildConfiguration;
			buildSettings = {
				BUNDLE_LOADER = "$(TEST_HOST)";
				CODE_SIGN_STYLE = Automatic;
				CURRENT_PROJECT_VERSION = 1;
				DEAD_CODE_STRIPPING = YES;
				GENERATE_INFOPLIST_FILE = YES;
				IPHONEOS_DEPLOYMENT_TARGET = 17.5;
				MACOSX_DEPLOYMENT_TARGET = 14.5;
				MARKETING_VERSION = 1.0;
				PRODUCT_BUNDLE_IDENTIFIER = ConklinOfficial.TekkTests;
				PRODUCT_NAME = "$(TARGET_NAME)";
				SDKROOT = auto;
				SUPPORTED_PLATFORMS = "iphoneos iphonesimulator macosx";
				SWIFT_EMIT_LOC_STRINGS = NO;
				SWIFT_VERSION = 5.0;
				TARGETED_DEVICE_FAMILY = "1,2";
				TEST_HOST = "$(BUILT_PRODUCTS_DIR)/Tekk.app/$(BUNDLE_EXECUTABLE_FOLDER_PATH)/Tekk";
			};
			name = Release;
		};
		174936422C3E1032001163B9 /* Debug */ = {
			isa = XCBuildConfiguration;
			buildSettings = {
				CODE_SIGN_STYLE = Automatic;
				CURRENT_PROJECT_VERSION = 1;
				DEAD_CODE_STRIPPING = YES;
				GENERATE_INFOPLIST_FILE = YES;
				IPHONEOS_DEPLOYMENT_TARGET = 17.5;
				MACOSX_DEPLOYMENT_TARGET = 14.5;
				MARKETING_VERSION = 1.0;
				PRODUCT_BUNDLE_IDENTIFIER = ConklinOfficial.TekkUITests;
				PRODUCT_NAME = "$(TARGET_NAME)";
				SDKROOT = auto;
				SUPPORTED_PLATFORMS = "iphoneos iphonesimulator macosx";
				SWIFT_EMIT_LOC_STRINGS = NO;
				SWIFT_VERSION = 5.0;
				TARGETED_DEVICE_FAMILY = "1,2";
				TEST_TARGET_NAME = Tekk;
			};
			name = Debug;
		};
		174936432C3E1032001163B9 /* Release */ = {
			isa = XCBuildConfiguration;
			buildSettings = {
				CODE_SIGN_STYLE = Automatic;
				CURRENT_PROJECT_VERSION = 1;
				DEAD_CODE_STRIPPING = YES;
				GENERATE_INFOPLIST_FILE = YES;
				IPHONEOS_DEPLOYMENT_TARGET = 17.5;
				MACOSX_DEPLOYMENT_TARGET = 14.5;
				MARKETING_VERSION = 1.0;
				PRODUCT_BUNDLE_IDENTIFIER = ConklinOfficial.TekkUITests;
				PRODUCT_NAME = "$(TARGET_NAME)";
				SDKROOT = auto;
				SUPPORTED_PLATFORMS = "iphoneos iphonesimulator macosx";
				SWIFT_EMIT_LOC_STRINGS = NO;
				SWIFT_VERSION = 5.0;
				TARGETED_DEVICE_FAMILY = "1,2";
				TEST_TARGET_NAME = Tekk;
			};
			name = Release;
		};
/* End XCBuildConfiguration section */

/* Begin XCConfigurationList section */
		174936112C3E102B001163B9 /* Build configuration list for PBXProject "Tekk" */ = {
			isa = XCConfigurationList;
			buildConfigurations = (
				174936392C3E1032001163B9 /* Debug */,
				1749363A2C3E1032001163B9 /* Release */,
			);
			defaultConfigurationIsVisible = 0;
			defaultConfigurationName = Release;
		};
		1749363B2C3E1032001163B9 /* Build configuration list for PBXNativeTarget "Tekk" */ = {
			isa = XCConfigurationList;
			buildConfigurations = (
				1749363C2C3E1032001163B9 /* Debug */,
				1749363D2C3E1032001163B9 /* Release */,
			);
			defaultConfigurationIsVisible = 0;
			defaultConfigurationName = Release;
		};
		1749363E2C3E1032001163B9 /* Build configuration list for PBXNativeTarget "TekkTests" */ = {
			isa = XCConfigurationList;
			buildConfigurations = (
				1749363F2C3E1032001163B9 /* Debug */,
				174936402C3E1032001163B9 /* Release */,
			);
			defaultConfigurationIsVisible = 0;
			defaultConfigurationName = Release;
		};
		174936412C3E1032001163B9 /* Build configuration list for PBXNativeTarget "TekkUITests" */ = {
			isa = XCConfigurationList;
			buildConfigurations = (
				174936422C3E1032001163B9 /* Debug */,
				174936432C3E1032001163B9 /* Release */,
			);
			defaultConfigurationIsVisible = 0;
			defaultConfigurationName = Release;
		};
/* End XCConfigurationList section */

/* Begin XCRemoteSwiftPackageReference section */
		435A70132CA7A33B00BFCC40 /* XCRemoteSwiftPackageReference "rive-ios" */ = {
			isa = XCRemoteSwiftPackageReference;
			repositoryURL = "https://github.com/rive-app/rive-ios";
			requirement = {
				kind = upToNextMajorVersion;
				minimumVersion = 6.1.3;
			};
		};
/* End XCRemoteSwiftPackageReference section */

/* Begin XCSwiftPackageProductDependency section */
		435A70142CA7AB2600BFCC40 /* RiveRuntime */ = {
			isa = XCSwiftPackageProductDependency;
			package = 435A70132CA7A33B00BFCC40 /* XCRemoteSwiftPackageReference "rive-ios" */;
			productName = RiveRuntime;
		};
/* End XCSwiftPackageProductDependency section */
	};
	rootObject = 1749360E2C3E102B001163B9 /* Project object */;
}
